// !$*UTF8*$!
{
	archiveVersion = 1;
	classes = {
	};
	objectVersion = 50;
	objects = {

/* Begin PBXBuildFile section */
		04149E26280DAA87003CCF4A /* AppDelegate.swift in Sources */ = {isa = PBXBuildFile; fileRef = 04149E25280DAA87003CCF4A /* AppDelegate.swift */; };
		04149E28280DAA87003CCF4A /* SceneDelegate.swift in Sources */ = {isa = PBXBuildFile; fileRef = 04149E27280DAA87003CCF4A /* SceneDelegate.swift */; };
		04149E2A280DAA87003CCF4A /* ViewController.swift in Sources */ = {isa = PBXBuildFile; fileRef = 04149E29280DAA87003CCF4A /* ViewController.swift */; };
		04149E2D280DAA87003CCF4A /* Main.storyboard in Resources */ = {isa = PBXBuildFile; fileRef = 04149E2B280DAA87003CCF4A /* Main.storyboard */; };
		04149E2F280DAA88003CCF4A /* Assets.xcassets in Resources */ = {isa = PBXBuildFile; fileRef = 04149E2E280DAA88003CCF4A /* Assets.xcassets */; };
		04149E32280DAA88003CCF4A /* LaunchScreen.storyboard in Resources */ = {isa = PBXBuildFile; fileRef = 04149E30280DAA88003CCF4A /* LaunchScreen.storyboard */; };
		04149E3D280DAA88003CCF4A /* CustomCellOutOfStoryBoardTests.swift in Sources */ = {isa = PBXBuildFile; fileRef = 04149E3C280DAA88003CCF4A /* CustomCellOutOfStoryBoardTests.swift */; };
		04149E48280DAA88003CCF4A /* CustomCellOutOfStoryBoardUITests.swift in Sources */ = {isa = PBXBuildFile; fileRef = 04149E47280DAA88003CCF4A /* CustomCellOutOfStoryBoardUITests.swift */; };
		04149E5A280DB418003CCF4A /* MainCourceTableViewCell.swift in Sources */ = {isa = PBXBuildFile; fileRef = 04149E58280DB418003CCF4A /* MainCourceTableViewCell.swift */; };
		04149E5B280DB418003CCF4A /* MainCourceTableViewCell.xib in Resources */ = {isa = PBXBuildFile; fileRef = 04149E59280DB418003CCF4A /* MainCourceTableViewCell.xib */; };
/* End PBXBuildFile section */

/* Begin PBXContainerItemProxy section */
		04149E39280DAA88003CCF4A /* PBXContainerItemProxy */ = {
			isa = PBXContainerItemProxy;
			containerPortal = 04149E1A280DAA87003CCF4A /* Project object */;
			proxyType = 1;
			remoteGlobalIDString = 04149E21280DAA87003CCF4A;
			remoteInfo = CustomCellOutOfStoryBoard;
		};
		04149E44280DAA88003CCF4A /* PBXContainerItemProxy */ = {
			isa = PBXContainerItemProxy;
			containerPortal = 04149E1A280DAA87003CCF4A /* Project object */;
			proxyType = 1;
			remoteGlobalIDString = 04149E21280DAA87003CCF4A;
			remoteInfo = CustomCellOutOfStoryBoard;
		};
/* End PBXContainerItemProxy section */

/* Begin PBXFileReference section */
		04149E22280DAA87003CCF4A /* CustomCellOutOfStoryBoard.app */ = {isa = PBXFileReference; explicitFileType = wrapper.application; includeInIndex = 0; path = CustomCellOutOfStoryBoard.app; sourceTree = BUILT_PRODUCTS_DIR; };
		04149E25280DAA87003CCF4A /* AppDelegate.swift */ = {isa = PBXFileReference; lastKnownFileType = sourcecode.swift; path = AppDelegate.swift; sourceTree = "<group>"; };
		04149E27280DAA87003CCF4A /* SceneDelegate.swift */ = {isa = PBXFileReference; lastKnownFileType = sourcecode.swift; path = SceneDelegate.swift; sourceTree = "<group>"; };
		04149E29280DAA87003CCF4A /* ViewController.swift */ = {isa = PBXFileReference; lastKnownFileType = sourcecode.swift; path = ViewController.swift; sourceTree = "<group>"; };
		04149E2C280DAA87003CCF4A /* Base */ = {isa = PBXFileReference; lastKnownFileType = file.storyboard; name = Base; path = Base.lproj/Main.storyboard; sourceTree = "<group>"; };
		04149E2E280DAA88003CCF4A /* Assets.xcassets */ = {isa = PBXFileReference; lastKnownFileType = folder.assetcatalog; path = Assets.xcassets; sourceTree = "<group>"; };
		04149E31280DAA88003CCF4A /* Base */ = {isa = PBXFileReference; lastKnownFileType = file.storyboard; name = Base; path = Base.lproj/LaunchScreen.storyboard; sourceTree = "<group>"; };
		04149E33280DAA88003CCF4A /* Info.plist */ = {isa = PBXFileReference; lastKnownFileType = text.plist.xml; path = Info.plist; sourceTree = "<group>"; };
		04149E38280DAA88003CCF4A /* CustomCellOutOfStoryBoardTests.xctest */ = {isa = PBXFileReference; explicitFileType = wrapper.cfbundle; includeInIndex = 0; path = CustomCellOutOfStoryBoardTests.xctest; sourceTree = BUILT_PRODUCTS_DIR; };
		04149E3C280DAA88003CCF4A /* CustomCellOutOfStoryBoardTests.swift */ = {isa = PBXFileReference; lastKnownFileType = sourcecode.swift; path = CustomCellOutOfStoryBoardTests.swift; sourceTree = "<group>"; };
		04149E3E280DAA88003CCF4A /* Info.plist */ = {isa = PBXFileReference; lastKnownFileType = text.plist.xml; path = Info.plist; sourceTree = "<group>"; };
		04149E43280DAA88003CCF4A /* CustomCellOutOfStoryBoardUITests.xctest */ = {isa = PBXFileReference; explicitFileType = wrapper.cfbundle; includeInIndex = 0; path = CustomCellOutOfStoryBoardUITests.xctest; sourceTree = BUILT_PRODUCTS_DIR; };
		04149E47280DAA88003CCF4A /* CustomCellOutOfStoryBoardUITests.swift */ = {isa = PBXFileReference; lastKnownFileType = sourcecode.swift; path = CustomCellOutOfStoryBoardUITests.swift; sourceTree = "<group>"; };
		04149E49280DAA88003CCF4A /* Info.plist */ = {isa = PBXFileReference; lastKnownFileType = text.plist.xml; path = Info.plist; sourceTree = "<group>"; };
		04149E58280DB418003CCF4A /* MainCourceTableViewCell.swift */ = {isa = PBXFileReference; lastKnownFileType = sourcecode.swift; path = MainCourceTableViewCell.swift; sourceTree = "<group>"; };
		04149E59280DB418003CCF4A /* MainCourceTableViewCell.xib */ = {isa = PBXFileReference; lastKnownFileType = file.xib; path = MainCourceTableViewCell.xib; sourceTree = "<group>"; };
/* End PBXFileReference section */

/* Begin PBXFrameworksBuildPhase section */
		04149E1F280DAA87003CCF4A /* Frameworks */ = {
			isa = PBXFrameworksBuildPhase;
			buildActionMask = 2147483647;
			files = (
			);
			runOnlyForDeploymentPostprocessing = 0;
		};
		04149E35280DAA88003CCF4A /* Frameworks */ = {
			isa = PBXFrameworksBuildPhase;
			buildActionMask = 2147483647;
			files = (
			);
			runOnlyForDeploymentPostprocessing = 0;
		};
		04149E40280DAA88003CCF4A /* Frameworks */ = {
			isa = PBXFrameworksBuildPhase;
			buildActionMask = 2147483647;
			files = (
			);
			runOnlyForDeploymentPostprocessing = 0;
		};
/* End PBXFrameworksBuildPhase section */

/* Begin PBXGroup section */
		04149E19280DAA87003CCF4A = {
			isa = PBXGroup;
			children = (
				04149E24280DAA87003CCF4A /* CustomCellOutOfStoryBoard */,
				04149E3B280DAA88003CCF4A /* CustomCellOutOfStoryBoardTests */,
				04149E46280DAA88003CCF4A /* CustomCellOutOfStoryBoardUITests */,
				04149E23280DAA87003CCF4A /* Products */,
			);
			sourceTree = "<group>";
		};
		04149E23280DAA87003CCF4A /* Products */ = {
			isa = PBXGroup;
			children = (
				04149E22280DAA87003CCF4A /* CustomCellOutOfStoryBoard.app */,
				04149E38280DAA88003CCF4A /* CustomCellOutOfStoryBoardTests.xctest */,
				04149E43280DAA88003CCF4A /* CustomCellOutOfStoryBoardUITests.xctest */,
			);
			name = Products;
			sourceTree = "<group>";
		};
		04149E24280DAA87003CCF4A /* CustomCellOutOfStoryBoard */ = {
			isa = PBXGroup;
			children = (
				04149E25280DAA87003CCF4A /* AppDelegate.swift */,
				04149E27280DAA87003CCF4A /* SceneDelegate.swift */,
				04149E29280DAA87003CCF4A /* ViewController.swift */,
				04149E58280DB418003CCF4A /* MainCourceTableViewCell.swift */,
				04149E59280DB418003CCF4A /* MainCourceTableViewCell.xib */,
				04149E2B280DAA87003CCF4A /* Main.storyboard */,
				04149E2E280DAA88003CCF4A /* Assets.xcassets */,
				04149E30280DAA88003CCF4A /* LaunchScreen.storyboard */,
				04149E33280DAA88003CCF4A /* Info.plist */,
			);
			path = CustomCellOutOfStoryBoard;
			sourceTree = "<group>";
		};
		04149E3B280DAA88003CCF4A /* CustomCellOutOfStoryBoardTests */ = {
			isa = PBXGroup;
			children = (
				04149E3C280DAA88003CCF4A /* CustomCellOutOfStoryBoardTests.swift */,
				04149E3E280DAA88003CCF4A /* Info.plist */,
			);
			path = CustomCellOutOfStoryBoardTests;
			sourceTree = "<group>";
		};
		04149E46280DAA88003CCF4A /* CustomCellOutOfStoryBoardUITests */ = {
			isa = PBXGroup;
			children = (
				04149E47280DAA88003CCF4A /* CustomCellOutOfStoryBoardUITests.swift */,
				04149E49280DAA88003CCF4A /* Info.plist */,
			);
			path = CustomCellOutOfStoryBoardUITests;
			sourceTree = "<group>";
		};
/* End PBXGroup section */

/* Begin PBXNativeTarget section */
		04149E21280DAA87003CCF4A /* CustomCellOutOfStoryBoard */ = {
			isa = PBXNativeTarget;
			buildConfigurationList = 04149E4C280DAA88003CCF4A /* Build configuration list for PBXNativeTarget "CustomCellOutOfStoryBoard" */;
			buildPhases = (
				04149E1E280DAA87003CCF4A /* Sources */,
				04149E1F280DAA87003CCF4A /* Frameworks */,
				04149E20280DAA87003CCF4A /* Resources */,
			);
			buildRules = (
			);
			dependencies = (
			);
			name = CustomCellOutOfStoryBoard;
			productName = CustomCellOutOfStoryBoard;
			productReference = 04149E22280DAA87003CCF4A /* CustomCellOutOfStoryBoard.app */;
			productType = "com.apple.product-type.application";
		};
		04149E37280DAA88003CCF4A /* CustomCellOutOfStoryBoardTests */ = {
			isa = PBXNativeTarget;
			buildConfigurationList = 04149E4F280DAA88003CCF4A /* Build configuration list for PBXNativeTarget "CustomCellOutOfStoryBoardTests" */;
			buildPhases = (
				04149E34280DAA88003CCF4A /* Sources */,
				04149E35280DAA88003CCF4A /* Frameworks */,
				04149E36280DAA88003CCF4A /* Resources */,
			);
			buildRules = (
			);
			dependencies = (
				04149E3A280DAA88003CCF4A /* PBXTargetDependency */,
			);
			name = CustomCellOutOfStoryBoardTests;
			productName = CustomCellOutOfStoryBoardTests;
			productReference = 04149E38280DAA88003CCF4A /* CustomCellOutOfStoryBoardTests.xctest */;
			productType = "com.apple.product-type.bundle.unit-test";
		};
		04149E42280DAA88003CCF4A /* CustomCellOutOfStoryBoardUITests */ = {
			isa = PBXNativeTarget;
			buildConfigurationList = 04149E52280DAA88003CCF4A /* Build configuration list for PBXNativeTarget "CustomCellOutOfStoryBoardUITests" */;
			buildPhases = (
				04149E3F280DAA88003CCF4A /* Sources */,
				04149E40280DAA88003CCF4A /* Frameworks */,
				04149E41280DAA88003CCF4A /* Resources */,
			);
			buildRules = (
			);
			dependencies = (
				04149E45280DAA88003CCF4A /* PBXTargetDependency */,
			);
			name = CustomCellOutOfStoryBoardUITests;
			productName = CustomCellOutOfStoryBoardUITests;
			productReference = 04149E43280DAA88003CCF4A /* CustomCellOutOfStoryBoardUITests.xctest */;
			productType = "com.apple.product-type.bundle.ui-testing";
		};
/* End PBXNativeTarget section */

/* Begin PBXProject section */
		04149E1A280DAA87003CCF4A /* Project object */ = {
			isa = PBXProject;
			attributes = {
				LastSwiftUpdateCheck = 1240;
				LastUpgradeCheck = 1240;
				TargetAttributes = {
					04149E21280DAA87003CCF4A = {
						CreatedOnToolsVersion = 12.4;
					};
					04149E37280DAA88003CCF4A = {
						CreatedOnToolsVersion = 12.4;
						TestTargetID = 04149E21280DAA87003CCF4A;
					};
					04149E42280DAA88003CCF4A = {
						CreatedOnToolsVersion = 12.4;
						TestTargetID = 04149E21280DAA87003CCF4A;
					};
				};
			};
			buildConfigurationList = 04149E1D280DAA87003CCF4A /* Build configuration list for PBXProject "CustomCellOutOfStoryBoard" */;
			compatibilityVersion = "Xcode 9.3";
			developmentRegion = en;
			hasScannedForEncodings = 0;
			knownRegions = (
				en,
				Base,
			);
			mainGroup = 04149E19280DAA87003CCF4A;
			productRefGroup = 04149E23280DAA87003CCF4A /* Products */;
			projectDirPath = "";
			projectRoot = "";
			targets = (
				04149E21280DAA87003CCF4A /* CustomCellOutOfStoryBoard */,
				04149E37280DAA88003CCF4A /* CustomCellOutOfStoryBoardTests */,
				04149E42280DAA88003CCF4A /* CustomCellOutOfStoryBoardUITests */,
			);
		};
/* End PBXProject section */

/* Begin PBXResourcesBuildPhase section */
		04149E20280DAA87003CCF4A /* Resources */ = {
			isa = PBXResourcesBuildPhase;
			buildActionMask = 2147483647;
			files = (
				04149E32280DAA88003CCF4A /* LaunchScreen.storyboard in Resources */,
				04149E5B280DB418003CCF4A /* MainCourceTableViewCell.xib in Resources */,
				04149E2F280DAA88003CCF4A /* Assets.xcassets in Resources */,
				04149E2D280DAA87003CCF4A /* Main.storyboard in Resources */,
			);
			runOnlyForDeploymentPostprocessing = 0;
		};
		04149E36280DAA88003CCF4A /* Resources */ = {
			isa = PBXResourcesBuildPhase;
			buildActionMask = 2147483647;
			files = (
			);
			runOnlyForDeploymentPostprocessing = 0;
		};
		04149E41280DAA88003CCF4A /* Resources */ = {
			isa = PBXResourcesBuildPhase;
			buildActionMask = 2147483647;
			files = (
			);
			runOnlyForDeploymentPostprocessing = 0;
		};
/* End PBXResourcesBuildPhase section */

/* Begin PBXSourcesBuildPhase section */
		04149E1E280DAA87003CCF4A /* Sources */ = {
			isa = PBXSourcesBuildPhase;
			buildActionMask = 2147483647;
			files = (
				04149E2A280DAA87003CCF4A /* ViewController.swift in Sources */,
				04149E5A280DB418003CCF4A /* MainCourceTableViewCell.swift in Sources */,
				04149E26280DAA87003CCF4A /* AppDelegate.swift in Sources */,
				04149E28280DAA87003CCF4A /* SceneDelegate.swift in Sources */,
			);
			runOnlyForDeploymentPostprocessing = 0;
		};
		04149E34280DAA88003CCF4A /* Sources */ = {
			isa = PBXSourcesBuildPhase;
			buildActionMask = 2147483647;
			files = (
				04149E3D280DAA88003CCF4A /* CustomCellOutOfStoryBoardTests.swift in Sources */,
			);
			runOnlyForDeploymentPostprocessing = 0;
		};
		04149E3F280DAA88003CCF4A /* Sources */ = {
			isa = PBXSourcesBuildPhase;
			buildActionMask = 2147483647;
			files = (
				04149E48280DAA88003CCF4A /* CustomCellOutOfStoryBoardUITests.swift in Sources */,
			);
			runOnlyForDeploymentPostprocessing = 0;
		};
/* End PBXSourcesBuildPhase section */

/* Begin PBXTargetDependency section */
		04149E3A280DAA88003CCF4A /* PBXTargetDependency */ = {
			isa = PBXTargetDependency;
			target = 04149E21280DAA87003CCF4A /* CustomCellOutOfStoryBoard */;
			targetProxy = 04149E39280DAA88003CCF4A /* PBXContainerItemProxy */;
		};
		04149E45280DAA88003CCF4A /* PBXTargetDependency */ = {
			isa = PBXTargetDependency;
			target = 04149E21280DAA87003CCF4A /* CustomCellOutOfStoryBoard */;
			targetProxy = 04149E44280DAA88003CCF4A /* PBXContainerItemProxy */;
		};
/* End PBXTargetDependency section */

/* Begin PBXVariantGroup section */
		04149E2B280DAA87003CCF4A /* Main.storyboard */ = {
			isa = PBXVariantGroup;
			children = (
				04149E2C280DAA87003CCF4A /* Base */,
			);
			name = Main.storyboard;
			sourceTree = "<group>";
		};
		04149E30280DAA88003CCF4A /* LaunchScreen.storyboard */ = {
			isa = PBXVariantGroup;
			children = (
				04149E31280DAA88003CCF4A /* Base */,
			);
			name = LaunchScreen.storyboard;
			sourceTree = "<group>";
		};
/* End PBXVariantGroup section */

/* Begin XCBuildConfiguration section */
		04149E4A280DAA88003CCF4A /* Debug */ = {
			isa = XCBuildConfiguration;
			buildSettings = {
				ALWAYS_SEARCH_USER_PATHS = NO;
				CLANG_ANALYZER_NONNULL = YES;
				CLANG_ANALYZER_NUMBER_OBJECT_CONVERSION = YES_AGGRESSIVE;
				CLANG_CXX_LANGUAGE_STANDARD = "gnu++14";
				CLANG_CXX_LIBRARY = "libc++";
				CLANG_ENABLE_MODULES = YES;
				CLANG_ENABLE_OBJC_ARC = YES;
				CLANG_ENABLE_OBJC_WEAK = YES;
				CLANG_WARN_BLOCK_CAPTURE_AUTORELEASING = YES;
				CLANG_WARN_BOOL_CONVERSION = YES;
				CLANG_WARN_COMMA = YES;
				CLANG_WARN_CONSTANT_CONVERSION = YES;
				CLANG_WARN_DEPRECATED_OBJC_IMPLEMENTATIONS = YES;
				CLANG_WARN_DIRECT_OBJC_ISA_USAGE = YES_ERROR;
				CLANG_WARN_DOCUMENTATION_COMMENTS = YES;
				CLANG_WARN_EMPTY_BODY = YES;
				CLANG_WARN_ENUM_CONVERSION = YES;
				CLANG_WARN_INFINITE_RECURSION = YES;
				CLANG_WARN_INT_CONVERSION = YES;
				CLANG_WARN_NON_LITERAL_NULL_CONVERSION = YES;
				CLANG_WARN_OBJC_IMPLICIT_RETAIN_SELF = YES;
				CLANG_WARN_OBJC_LITERAL_CONVERSION = YES;
				CLANG_WARN_OBJC_ROOT_CLASS = YES_ERROR;
				CLANG_WARN_QUOTED_INCLUDE_IN_FRAMEWORK_HEADER = YES;
				CLANG_WARN_RANGE_LOOP_ANALYSIS = YES;
				CLANG_WARN_STRICT_PROTOTYPES = YES;
				CLANG_WARN_SUSPICIOUS_MOVE = YES;
				CLANG_WARN_UNGUARDED_AVAILABILITY = YES_AGGRESSIVE;
				CLANG_WARN_UNREACHABLE_CODE = YES;
				CLANG_WARN__DUPLICATE_METHOD_MATCH = YES;
				COPY_PHASE_STRIP = NO;
				DEBUG_INFORMATION_FORMAT = dwarf;
				ENABLE_STRICT_OBJC_MSGSEND = YES;
				ENABLE_TESTABILITY = YES;
				GCC_C_LANGUAGE_STANDARD = gnu11;
				GCC_DYNAMIC_NO_PIC = NO;
				GCC_NO_COMMON_BLOCKS = YES;
				GCC_OPTIMIZATION_LEVEL = 0;
				GCC_PREPROCESSOR_DEFINITIONS = (
					"DEBUG=1",
					"$(inherited)",
				);
				GCC_WARN_64_TO_32_BIT_CONVERSION = YES;
				GCC_WARN_ABOUT_RETURN_TYPE = YES_ERROR;
				GCC_WARN_UNDECLARED_SELECTOR = YES;
				GCC_WARN_UNINITIALIZED_AUTOS = YES_AGGRESSIVE;
				GCC_WARN_UNUSED_FUNCTION = YES;
				GCC_WARN_UNUSED_VARIABLE = YES;
				IPHONEOS_DEPLOYMENT_TARGET = 14.4;
				MTL_ENABLE_DEBUG_INFO = INCLUDE_SOURCE;
				MTL_FAST_MATH = YES;
				ONLY_ACTIVE_ARCH = YES;
				SDKROOT = iphoneos;
				SWIFT_ACTIVE_COMPILATION_CONDITIONS = DEBUG;
				SWIFT_OPTIMIZATION_LEVEL = "-Onone";
			};
			name = Debug;
		};
		04149E4B280DAA88003CCF4A /* Release */ = {
			isa = XCBuildConfiguration;
			buildSettings = {
				ALWAYS_SEARCH_USER_PATHS = NO;
				CLANG_ANALYZER_NONNULL = YES;
				CLANG_ANALYZER_NUMBER_OBJECT_CONVERSION = YES_AGGRESSIVE;
				CLANG_CXX_LANGUAGE_STANDARD = "gnu++14";
				CLANG_CXX_LIBRARY = "libc++";
				CLANG_ENABLE_MODULES = YES;
				CLANG_ENABLE_OBJC_ARC = YES;
				CLANG_ENABLE_OBJC_WEAK = YES;
				CLANG_WARN_BLOCK_CAPTURE_AUTORELEASING = YES;
				CLANG_WARN_BOOL_CONVERSION = YES;
				CLANG_WARN_COMMA = YES;
				CLANG_WARN_CONSTANT_CONVERSION = YES;
				CLANG_WARN_DEPRECATED_OBJC_IMPLEMENTATIONS = YES;
				CLANG_WARN_DIRECT_OBJC_ISA_USAGE = YES_ERROR;
				CLANG_WARN_DOCUMENTATION_COMMENTS = YES;
				CLANG_WARN_EMPTY_BODY = YES;
				CLANG_WARN_ENUM_CONVERSION = YES;
				CLANG_WARN_INFINITE_RECURSION = YES;
				CLANG_WARN_INT_CONVERSION = YES;
				CLANG_WARN_NON_LITERAL_NULL_CONVERSION = YES;
				CLANG_WARN_OBJC_IMPLICIT_RETAIN_SELF = YES;
				CLANG_WARN_OBJC_LITERAL_CONVERSION = YES;
				CLANG_WARN_OBJC_ROOT_CLASS = YES_ERROR;
				CLANG_WARN_QUOTED_INCLUDE_IN_FRAMEWORK_HEADER = YES;
				CLANG_WARN_RANGE_LOOP_ANALYSIS = YES;
				CLANG_WARN_STRICT_PROTOTYPES = YES;
				CLANG_WARN_SUSPICIOUS_MOVE = YES;
				CLANG_WARN_UNGUARDED_AVAILABILITY = YES_AGGRESSIVE;
				CLANG_WARN_UNREACHABLE_CODE = YES;
				CLANG_WARN__DUPLICATE_METHOD_MATCH = YES;
				COPY_PHASE_STRIP = NO;
				DEBUG_INFORMATION_FORMAT = "dwarf-with-dsym";
				ENABLE_NS_ASSERTIONS = NO;
				ENABLE_STRICT_OBJC_MSGSEND = YES;
				GCC_C_LANGUAGE_STANDARD = gnu11;
				GCC_NO_COMMON_BLOCKS = YES;
				GCC_WARN_64_TO_32_BIT_CONVERSION = YES;
				GCC_WARN_ABOUT_RETURN_TYPE = YES_ERROR;
				GCC_WARN_UNDECLARED_SELECTOR = YES;
				GCC_WARN_UNINITIALIZED_AUTOS = YES_AGGRESSIVE;
				GCC_WARN_UNUSED_FUNCTION = YES;
				GCC_WARN_UNUSED_VARIABLE = YES;
				IPHONEOS_DEPLOYMENT_TARGET = 14.4;
				MTL_ENABLE_DEBUG_INFO = NO;
				MTL_FAST_MATH = YES;
				SDKROOT = iphoneos;
				SWIFT_COMPILATION_MODE = wholemodule;
				SWIFT_OPTIMIZATION_LEVEL = "-O";
				VALIDATE_PRODUCT = YES;
			};
			name = Release;
		};
		04149E4D280DAA88003CCF4A /* Debug */ = {
			isa = XCBuildConfiguration;
			buildSettings = {
				ASSETCATALOG_COMPILER_APPICON_NAME = AppIcon;
				ASSETCATALOG_COMPILER_GLOBAL_ACCENT_COLOR_NAME = AccentColor;
				CODE_SIGN_STYLE = Automatic;
				INFOPLIST_FILE = CustomCellOutOfStoryBoard/Info.plist;
				LD_RUNPATH_SEARCH_PATHS = (
					"$(inherited)",
					"@executable_path/Frameworks",
				);
				PRODUCT_BUNDLE_IDENTIFIER = com.anjali.CustomCellOutOfStoryBoard;
				PRODUCT_NAME = "$(TARGET_NAME)";
				SWIFT_VERSION = 5.0;
				TARGETED_DEVICE_FAMILY = "1,2";
			};
			name = Debug;
		};
		04149E4E280DAA88003CCF4A /* Release */ = {
			isa = XCBuildConfiguration;
			buildSettings = {
				ASSETCATALOG_COMPILER_APPICON_NAME = AppIcon;
				ASSETCATALOG_COMPILER_GLOBAL_ACCENT_COLOR_NAME = AccentColor;
				CODE_SIGN_STYLE = Automatic;
				INFOPLIST_FILE = CustomCellOutOfStoryBoard/Info.plist;
				LD_RUNPATH_SEARCH_PATHS = (
					"$(inherited)",
					"@executable_path/Frameworks",
				);
				PRODUCT_BUNDLE_IDENTIFIER = com.anjali.CustomCellOutOfStoryBoard;
				PRODUCT_NAME = "$(TARGET_NAME)";
				SWIFT_VERSION = 5.0;
				TARGETED_DEVICE_FAMILY = "1,2";
			};
			name = Release;
		};
		04149E50280DAA88003CCF4A /* Debug */ = {
			isa = XCBuildConfiguration;
			buildSettings = {
				ALWAYS_EMBED_SWIFT_STANDARD_LIBRARIES = YES;
				BUNDLE_LOADER = "$(TEST_HOST)";
				CODE_SIGN_STYLE = Automatic;
				INFOPLIST_FILE = CustomCellOutOfStoryBoardTests/Info.plist;
				IPHONEOS_DEPLOYMENT_TARGET = 14.4;
				LD_RUNPATH_SEARCH_PATHS = (
					"$(inherited)",
					"@executable_path/Frameworks",
					"@loader_path/Frameworks",
				);
				PRODUCT_BUNDLE_IDENTIFIER = com.anjali.CustomCellOutOfStoryBoardTests;
				PRODUCT_NAME = "$(TARGET_NAME)";
				SWIFT_VERSION = 5.0;
				TARGETED_DEVICE_FAMILY = "1,2";
				TEST_HOST = "$(BUILT_PRODUCTS_DIR)/CustomCellOutOfStoryBoard.app/CustomCellOutOfStoryBoard";
			};
			name = Debug;
		};
		04149E51280DAA88003CCF4A /* Release */ = {
			isa = XCBuildConfiguration;
			buildSettings = {
				ALWAYS_EMBED_SWIFT_STANDARD_LIBRARIES = YES;
				BUNDLE_LOADER = "$(TEST_HOST)";
				CODE_SIGN_STYLE = Automatic;
				INFOPLIST_FILE = CustomCellOutOfStoryBoardTests/Info.plist;
				IPHONEOS_DEPLOYMENT_TARGET = 14.4;
				LD_RUNPATH_SEARCH_PATHS = (
					"$(inherited)",
					"@executable_path/Frameworks",
					"@loader_path/Frameworks",
				);
				PRODUCT_BUNDLE_IDENTIFIER = com.anjali.CustomCellOutOfStoryBoardTests;
				PRODUCT_NAME = "$(TARGET_NAME)";
				SWIFT_VERSION = 5.0;
				TARGETED_DEVICE_FAMILY = "1,2";
				TEST_HOST = "$(BUILT_PRODUCTS_DIR)/CustomCellOutOfStoryBoard.app/CustomCellOutOfStoryBoard";
			};
			name = Release;
		};
		04149E53280DAA88003CCF4A /* Debug */ = {
			isa = XCBuildConfiguration;
			buildSettings = {
				ALWAYS_EMBED_SWIFT_STANDARD_LIBRARIES = YES;
				CODE_SIGN_STYLE = Automatic;
				INFOPLIST_FILE = CustomCellOutOfStoryBoardUITests/Info.plist;
				LD_RUNPATH_SEARCH_PATHS = (
					"$(inherited)",
					"@executable_path/Frameworks",
					"@loader_path/Frameworks",
				);
				PRODUCT_BUNDLE_IDENTIFIER = com.anjali.CustomCellOutOfStoryBoardUITests;
				PRODUCT_NAME = "$(TARGET_NAME)";
				SWIFT_VERSION = 5.0;
				TARGETED_DEVICE_FAMILY = "1,2";
				TEST_TARGET_NAME = CustomCellOutOfStoryBoard;
			};
			name = Debug;
		};
		04149E54280DAA88003CCF4A /* Release */ = {
			isa = XCBuildConfiguration;
			buildSettings = {
				ALWAYS_EMBED_SWIFT_STANDARD_LIBRARIES = YES;
				CODE_SIGN_STYLE = Automatic;
				INFOPLIST_FILE = CustomCellOutOfStoryBoardUITests/Info.plist;
				LD_RUNPATH_SEARCH_PATHS = (
					"$(inherited)",
					"@executable_path/Frameworks",
					"@loader_path/Frameworks",
				);
				PRODUCT_BUNDLE_IDENTIFIER = com.anjali.CustomCellOutOfStoryBoardUITests;
				PRODUCT_NAME = "$(TARGET_NAME)";
				SWIFT_VERSION = 5.0;
				TARGETED_DEVICE_FAMILY = "1,2";
				TEST_TARGET_NAME = CustomCellOutOfStoryBoard;
			};
			name = Release;
		};
/* End XCBuildConfiguration section */

/* Begin XCConfigurationList section */
		04149E1D280DAA87003CCF4A /* Build configuration list for PBXProject "CustomCellOutOfStoryBoard" */ = {
			isa = XCConfigurationList;
			buildConfigurations = (
				04149E4A280DAA88003CCF4A /* Debug */,
				04149E4B280DAA88003CCF4A /* Release */,
			);
			defaultConfigurationIsVisible = 0;
			defaultConfigurationName = Release;
		};
		04149E4C280DAA88003CCF4A /* Build configuration list for PBXNativeTarget "CustomCellOutOfStoryBoard" */ = {
			isa = XCConfigurationList;
			buildConfigurations = (
				04149E4D280DAA88003CCF4A /* Debug */,
				04149E4E280DAA88003CCF4A /* Release */,
			);
			defaultConfigurationIsVisible = 0;
			defaultConfigurationName = Release;
		};
		04149E4F280DAA88003CCF4A /* Build configuration list for PBXNativeTarget "CustomCellOutOfStoryBoardTests" */ = {
			isa = XCConfigurationList;
			buildConfigurations = (
				04149E50280DAA88003CCF4A /* Debug */,
				04149E51280DAA88003CCF4A /* Release */,
			);
			defaultConfigurationIsVisible = 0;
			defaultConfigurationName = Release;
		};
		04149E52280DAA88003CCF4A /* Build configuration list for PBXNativeTarget "CustomCellOutOfStoryBoardUITests" */ = {
			isa = XCConfigurationList;
			buildConfigurations = (
				04149E53280DAA88003CCF4A /* Debug */,
				04149E54280DAA88003CCF4A /* Release */,
			);
			defaultConfigurationIsVisible = 0;
			defaultConfigurationName = Release;
		};
/* End XCConfigurationList section */
	};
	rootObject = 04149E1A280DAA87003CCF4A /* Project object */;
}
